
Microsoft Visual Studio Solution File, Format Version 12.00
# Visual Studio Version 17
VisualStudioVersion = 17.2.32516.85
MinimumVisualStudioVersion = 10.0.40219.1
Project("{FAE04EC0-301F-11D3-BF4B-00C04F79EFBC}") = "wordlefinder", "wordlefinder.csproj", "{94CD7824-B3EB-4D31-B27A-D08467ED3F44}"
EndProject
Global
	GlobalSection(SolutionConfigurationPlatforms) = preSolution
		Debug|Any CPU = Debug|Any CPU
		Release|Any CPU = Release|Any CPU
	EndGlobalSection
	GlobalSection(ProjectConfigurationPlatforms) = postSolution
		{94CD7824-B3EB-4D31-B27A-D08467ED3F44}.Debug|Any CPU.ActiveCfg = Debug|Any CPU
		{94CD7824-B3EB-4D31-B27A-D08467ED3F44}.Debug|Any CPU.Build.0 = Debug|Any CPU
		{94CD7824-B3EB-4D31-B27A-D08467ED3F44}.Release|Any CPU.ActiveCfg = Release|Any CPU
		{94CD7824-B3EB-4D31-B27A-D08467ED3F44}.Release|Any CPU.Build.0 = Release|Any CPU
	EndGlobalSection
	GlobalSection(SolutionProperties) = preSolution
		HideSolutionNode = FALSE
	EndGlobalSection
	GlobalSection(ExtensibilityGlobals) = postSolution
		SolutionGuid = {79A31724-353C-4B27-8F69-90CE2A96243A}
	EndGlobalSection
EndGlobal
